
Microsoft Visual Studio Solution File, Format Version 12.00
# Visual Studio 15
VisualStudioVersion = 15.0.26124.0
MinimumVisualStudioVersion = 15.0.26124.0
Project("{FAE04EC0-301F-11D3-BF4B-00C04F79EFBC}") = "Domain", "Domain\Domain.csproj", "{EF9E1C53-75D3-464E-BCA6-AF1E9CB37105}"
EndProject
Project("{FAE04EC0-301F-11D3-BF4B-00C04F79EFBC}") = "Application", "Application\Application.csproj", "{BC560EED-9665-46AB-9253-8D40F2411950}"
EndProject
Project("{FAE04EC0-301F-11D3-BF4B-00C04F79EFBC}") = "API", "API\API.csproj", "{42CECAF8-5ABE-4CBE-A4F0-6C2EDA172604}"
EndProject
Project("{FAE04EC0-301F-11D3-BF4B-00C04F79EFBC}") = "Persistence", "Persistence\Persistence.csproj", "{AA4071CF-A1D6-42F7-90F2-4B4823227047}"
EndProject
Project("{FAE04EC0-301F-11D3-BF4B-00C04F79EFBC}") = "Infrastructure", "Infrastructure\Infrastructure.csproj", "{54410A2D-8A3B-4A11-83C2-75772E9A20B3}"
EndProject
Global
	GlobalSection(SolutionConfigurationPlatforms) = preSolution
		Debug|Any CPU = Debug|Any CPU
		Debug|x64 = Debug|x64
		Debug|x86 = Debug|x86
		Release|Any CPU = Release|Any CPU
		Release|x64 = Release|x64
		Release|x86 = Release|x86
	EndGlobalSection
	GlobalSection(SolutionProperties) = preSolution
		HideSolutionNode = FALSE
	EndGlobalSection
	GlobalSection(ProjectConfigurationPlatforms) = postSolution
		{EF9E1C53-75D3-464E-BCA6-AF1E9CB37105}.Debug|Any CPU.ActiveCfg = Debug|Any CPU
		{EF9E1C53-75D3-464E-BCA6-AF1E9CB37105}.Debug|Any CPU.Build.0 = Debug|Any CPU
		{EF9E1C53-75D3-464E-BCA6-AF1E9CB37105}.Debug|x64.ActiveCfg = Debug|Any CPU
		{EF9E1C53-75D3-464E-BCA6-AF1E9CB37105}.Debug|x64.Build.0 = Debug|Any CPU
		{EF9E1C53-75D3-464E-BCA6-AF1E9CB37105}.Debug|x86.ActiveCfg = Debug|Any CPU
		{EF9E1C53-75D3-464E-BCA6-AF1E9CB37105}.Debug|x86.Build.0 = Debug|Any CPU
		{EF9E1C53-75D3-464E-BCA6-AF1E9CB37105}.Release|Any CPU.ActiveCfg = Release|Any CPU
		{EF9E1C53-75D3-464E-BCA6-AF1E9CB37105}.Release|Any CPU.Build.0 = Release|Any CPU
		{EF9E1C53-75D3-464E-BCA6-AF1E9CB37105}.Release|x64.ActiveCfg = Release|Any CPU
		{EF9E1C53-75D3-464E-BCA6-AF1E9CB37105}.Release|x64.Build.0 = Release|Any CPU
		{EF9E1C53-75D3-464E-BCA6-AF1E9CB37105}.Release|x86.ActiveCfg = Release|Any CPU
		{EF9E1C53-75D3-464E-BCA6-AF1E9CB37105}.Release|x86.Build.0 = Release|Any CPU
		{BC560EED-9665-46AB-9253-8D40F2411950}.Debug|Any CPU.ActiveCfg = Debug|Any CPU
		{BC560EED-9665-46AB-9253-8D40F2411950}.Debug|Any CPU.Build.0 = Debug|Any CPU
		{BC560EED-9665-46AB-9253-8D40F2411950}.Debug|x64.ActiveCfg = Debug|Any CPU
		{BC560EED-9665-46AB-9253-8D40F2411950}.Debug|x64.Build.0 = Debug|Any CPU
		{BC560EED-9665-46AB-9253-8D40F2411950}.Debug|x86.ActiveCfg = Debug|Any CPU
		{BC560EED-9665-46AB-9253-8D40F2411950}.Debug|x86.Build.0 = Debug|Any CPU
		{BC560EED-9665-46AB-9253-8D40F2411950}.Release|Any CPU.ActiveCfg = Release|Any CPU
		{BC560EED-9665-46AB-9253-8D40F2411950}.Release|Any CPU.Build.0 = Release|Any CPU
		{BC560EED-9665-46AB-9253-8D40F2411950}.Release|x64.ActiveCfg = Release|Any CPU
		{BC560EED-9665-46AB-9253-8D40F2411950}.Release|x64.Build.0 = Release|Any CPU
		{BC560EED-9665-46AB-9253-8D40F2411950}.Release|x86.ActiveCfg = Release|Any CPU
		{BC560EED-9665-46AB-9253-8D40F2411950}.Release|x86.Build.0 = Release|Any CPU
		{42CECAF8-5ABE-4CBE-A4F0-6C2EDA172604}.Debug|Any CPU.ActiveCfg = Debug|Any CPU
		{42CECAF8-5ABE-4CBE-A4F0-6C2EDA172604}.Debug|Any CPU.Build.0 = Debug|Any CPU
		{42CECAF8-5ABE-4CBE-A4F0-6C2EDA172604}.Debug|x64.ActiveCfg = Debug|Any CPU
		{42CECAF8-5ABE-4CBE-A4F0-6C2EDA172604}.Debug|x64.Build.0 = Debug|Any CPU
		{42CECAF8-5ABE-4CBE-A4F0-6C2EDA172604}.Debug|x86.ActiveCfg = Debug|Any CPU
		{42CECAF8-5ABE-4CBE-A4F0-6C2EDA172604}.Debug|x86.Build.0 = Debug|Any CPU
		{42CECAF8-5ABE-4CBE-A4F0-6C2EDA172604}.Release|Any CPU.ActiveCfg = Release|Any CPU
		{42CECAF8-5ABE-4CBE-A4F0-6C2EDA172604}.Release|Any CPU.Build.0 = Release|Any CPU
		{42CECAF8-5ABE-4CBE-A4F0-6C2EDA172604}.Release|x64.ActiveCfg = Release|Any CPU
		{42CECAF8-5ABE-4CBE-A4F0-6C2EDA172604}.Release|x64.Build.0 = Release|Any CPU
		{42CECAF8-5ABE-4CBE-A4F0-6C2EDA172604}.Release|x86.ActiveCfg = Release|Any CPU
		{42CECAF8-5ABE-4CBE-A4F0-6C2EDA172604}.Release|x86.Build.0 = Release|Any CPU
		{AA4071CF-A1D6-42F7-90F2-4B4823227047}.Debug|Any CPU.ActiveCfg = Debug|Any CPU
		{AA4071CF-A1D6-42F7-90F2-4B4823227047}.Debug|Any CPU.Build.0 = Debug|Any CPU
		{AA4071CF-A1D6-42F7-90F2-4B4823227047}.Debug|x64.ActiveCfg = Debug|Any CPU
		{AA4071CF-A1D6-42F7-90F2-4B4823227047}.Debug|x64.Build.0 = Debug|Any CPU
		{AA4071CF-A1D6-42F7-90F2-4B4823227047}.Debug|x86.ActiveCfg = Debug|Any CPU
		{AA4071CF-A1D6-42F7-90F2-4B4823227047}.Debug|x86.Build.0 = Debug|Any CPU
		{AA4071CF-A1D6-42F7-90F2-4B4823227047}.Release|Any CPU.ActiveCfg = Release|Any CPU
		{AA4071CF-A1D6-42F7-90F2-4B4823227047}.Release|Any CPU.Build.0 = Release|Any CPU
		{AA4071CF-A1D6-42F7-90F2-4B4823227047}.Release|x64.ActiveCfg = Release|Any CPU
		{AA4071CF-A1D6-42F7-90F2-4B4823227047}.Release|x64.Build.0 = Release|Any CPU
		{AA4071CF-A1D6-42F7-90F2-4B4823227047}.Release|x86.ActiveCfg = Release|Any CPU
		{AA4071CF-A1D6-42F7-90F2-4B4823227047}.Release|x86.Build.0 = Release|Any CPU
		{54410A2D-8A3B-4A11-83C2-75772E9A20B3}.Debug|Any CPU.ActiveCfg = Debug|Any CPU
		{54410A2D-8A3B-4A11-83C2-75772E9A20B3}.Debug|Any CPU.Build.0 = Debug|Any CPU
		{54410A2D-8A3B-4A11-83C2-75772E9A20B3}.Debug|x64.ActiveCfg = Debug|Any CPU
		{54410A2D-8A3B-4A11-83C2-75772E9A20B3}.Debug|x64.Build.0 = Debug|Any CPU
		{54410A2D-8A3B-4A11-83C2-75772E9A20B3}.Debug|x86.ActiveCfg = Debug|Any CPU
		{54410A2D-8A3B-4A11-83C2-75772E9A20B3}.Debug|x86.Build.0 = Debug|Any CPU
		{54410A2D-8A3B-4A11-83C2-75772E9A20B3}.Release|Any CPU.ActiveCfg = Release|Any CPU
		{54410A2D-8A3B-4A11-83C2-75772E9A20B3}.Release|Any CPU.Build.0 = Release|Any CPU
		{54410A2D-8A3B-4A11-83C2-75772E9A20B3}.Release|x64.ActiveCfg = Release|Any CPU
		{54410A2D-8A3B-4A11-83C2-75772E9A20B3}.Release|x64.Build.0 = Release|Any CPU
		{54410A2D-8A3B-4A11-83C2-75772E9A20B3}.Release|x86.ActiveCfg = Release|Any CPU
		{54410A2D-8A3B-4A11-83C2-75772E9A20B3}.Release|x86.Build.0 = Release|Any CPU
	EndGlobalSection
EndGlobal
